
Microsoft Visual Studio Solution File, Format Version 12.00
# Visual Studio Version 16
VisualStudioVersion = 16.6.30114.105
MinimumVisualStudioVersion = 10.0.40219.1
Project("{FAE04EC0-301F-11D3-BF4B-00C04F79EFBC}") = "API", "API\API.csproj", "{8F53E133-1E6D-4548-9DCF-AEBD38F14D65}"
EndProject
Project("{FAE04EC0-301F-11D3-BF4B-00C04F79EFBC}") = "Application", "Application\Application.csproj", "{14F53673-A098-4541-8D66-F97BC48038B2}"
EndProject
Project("{FAE04EC0-301F-11D3-BF4B-00C04F79EFBC}") = "Persistence", "Persistence\Persistence.csproj", "{D843830B-3DF0-4E5B-A903-91D405F9CB00}"
EndProject
Project("{FAE04EC0-301F-11D3-BF4B-00C04F79EFBC}") = "Domain", "Domain\Domain.csproj", "{690A0E61-293A-46B5-9713-F18782AB24E2}"
EndProject
Project("{FAE04EC0-301F-11D3-BF4B-00C04F79EFBC}") = "Infrastructure", "Infrastructure\Infrastructure.csproj", "{5D195752-3DE0-4A75-95DE-B055D2A75843}"
EndProject
Global
	GlobalSection(SolutionConfigurationPlatforms) = preSolution
		Debug|Any CPU = Debug|Any CPU
		Debug|x64 = Debug|x64
		Debug|x86 = Debug|x86
		Release|Any CPU = Release|Any CPU
		Release|x64 = Release|x64
		Release|x86 = Release|x86
	EndGlobalSection
	GlobalSection(SolutionProperties) = preSolution
		HideSolutionNode = FALSE
	EndGlobalSection
	GlobalSection(ProjectConfigurationPlatforms) = postSolution
		{8F53E133-1E6D-4548-9DCF-AEBD38F14D65}.Debug|Any CPU.ActiveCfg = Debug|Any CPU
		{8F53E133-1E6D-4548-9DCF-AEBD38F14D65}.Debug|Any CPU.Build.0 = Debug|Any CPU
		{8F53E133-1E6D-4548-9DCF-AEBD38F14D65}.Debug|x64.ActiveCfg = Debug|Any CPU
		{8F53E133-1E6D-4548-9DCF-AEBD38F14D65}.Debug|x64.Build.0 = Debug|Any CPU
		{8F53E133-1E6D-4548-9DCF-AEBD38F14D65}.Debug|x86.ActiveCfg = Debug|Any CPU
		{8F53E133-1E6D-4548-9DCF-AEBD38F14D65}.Debug|x86.Build.0 = Debug|Any CPU
		{8F53E133-1E6D-4548-9DCF-AEBD38F14D65}.Release|Any CPU.ActiveCfg = Release|Any CPU
		{8F53E133-1E6D-4548-9DCF-AEBD38F14D65}.Release|Any CPU.Build.0 = Release|Any CPU
		{8F53E133-1E6D-4548-9DCF-AEBD38F14D65}.Release|x64.ActiveCfg = Release|Any CPU
		{8F53E133-1E6D-4548-9DCF-AEBD38F14D65}.Release|x64.Build.0 = Release|Any CPU
		{8F53E133-1E6D-4548-9DCF-AEBD38F14D65}.Release|x86.ActiveCfg = Release|Any CPU
		{8F53E133-1E6D-4548-9DCF-AEBD38F14D65}.Release|x86.Build.0 = Release|Any CPU
		{14F53673-A098-4541-8D66-F97BC48038B2}.Debug|Any CPU.ActiveCfg = Debug|Any CPU
		{14F53673-A098-4541-8D66-F97BC48038B2}.Debug|Any CPU.Build.0 = Debug|Any CPU
		{14F53673-A098-4541-8D66-F97BC48038B2}.Debug|x64.ActiveCfg = Debug|Any CPU
		{14F53673-A098-4541-8D66-F97BC48038B2}.Debug|x64.Build.0 = Debug|Any CPU
		{14F53673-A098-4541-8D66-F97BC48038B2}.Debug|x86.ActiveCfg = Debug|Any CPU
		{14F53673-A098-4541-8D66-F97BC48038B2}.Debug|x86.Build.0 = Debug|Any CPU
		{14F53673-A098-4541-8D66-F97BC48038B2}.Release|Any CPU.ActiveCfg = Release|Any CPU
		{14F53673-A098-4541-8D66-F97BC48038B2}.Release|Any CPU.Build.0 = Release|Any CPU
		{14F53673-A098-4541-8D66-F97BC48038B2}.Release|x64.ActiveCfg = Release|Any CPU
		{14F53673-A098-4541-8D66-F97BC48038B2}.Release|x64.Build.0 = Release|Any CPU
		{14F53673-A098-4541-8D66-F97BC48038B2}.Release|x86.ActiveCfg = Release|Any CPU
		{14F53673-A098-4541-8D66-F97BC48038B2}.Release|x86.Build.0 = Release|Any CPU
		{D843830B-3DF0-4E5B-A903-91D405F9CB00}.Debug|Any CPU.ActiveCfg = Debug|Any CPU
		{D843830B-3DF0-4E5B-A903-91D405F9CB00}.Debug|Any CPU.Build.0 = Debug|Any CPU
		{D843830B-3DF0-4E5B-A903-91D405F9CB00}.Debug|x64.ActiveCfg = Debug|Any CPU
		{D843830B-3DF0-4E5B-A903-91D405F9CB00}.Debug|x64.Build.0 = Debug|Any CPU
		{D843830B-3DF0-4E5B-A903-91D405F9CB00}.Debug|x86.ActiveCfg = Debug|Any CPU
		{D843830B-3DF0-4E5B-A903-91D405F9CB00}.Debug|x86.Build.0 = Debug|Any CPU
		{D843830B-3DF0-4E5B-A903-91D405F9CB00}.Release|Any CPU.ActiveCfg = Release|Any CPU
		{D843830B-3DF0-4E5B-A903-91D405F9CB00}.Release|Any CPU.Build.0 = Release|Any CPU
		{D843830B-3DF0-4E5B-A903-91D405F9CB00}.Release|x64.ActiveCfg = Release|Any CPU
		{D843830B-3DF0-4E5B-A903-91D405F9CB00}.Release|x64.Build.0 = Release|Any CPU
		{D843830B-3DF0-4E5B-A903-91D405F9CB00}.Release|x86.ActiveCfg = Release|Any CPU
		{D843830B-3DF0-4E5B-A903-91D405F9CB00}.Release|x86.Build.0 = Release|Any CPU
		{690A0E61-293A-46B5-9713-F18782AB24E2}.Debug|Any CPU.ActiveCfg = Debug|Any CPU
		{690A0E61-293A-46B5-9713-F18782AB24E2}.Debug|Any CPU.Build.0 = Debug|Any CPU
		{690A0E61-293A-46B5-9713-F18782AB24E2}.Debug|x64.ActiveCfg = Debug|Any CPU
		{690A0E61-293A-46B5-9713-F18782AB24E2}.Debug|x64.Build.0 = Debug|Any CPU
		{690A0E61-293A-46B5-9713-F18782AB24E2}.Debug|x86.ActiveCfg = Debug|Any CPU
		{690A0E61-293A-46B5-9713-F18782AB24E2}.Debug|x86.Build.0 = Debug|Any CPU
		{690A0E61-293A-46B5-9713-F18782AB24E2}.Release|Any CPU.ActiveCfg = Release|Any CPU
		{690A0E61-293A-46B5-9713-F18782AB24E2}.Release|Any CPU.Build.0 = Release|Any CPU
		{690A0E61-293A-46B5-9713-F18782AB24E2}.Release|x64.ActiveCfg = Release|Any CPU
		{690A0E61-293A-46B5-9713-F18782AB24E2}.Release|x64.Build.0 = Release|Any CPU
		{690A0E61-293A-46B5-9713-F18782AB24E2}.Release|x86.ActiveCfg = Release|Any CPU
		{690A0E61-293A-46B5-9713-F18782AB24E2}.Release|x86.Build.0 = Release|Any CPU
		{5D195752-3DE0-4A75-95DE-B055D2A75843}.Debug|Any CPU.ActiveCfg = Debug|Any CPU
		{5D195752-3DE0-4A75-95DE-B055D2A75843}.Debug|Any CPU.Build.0 = Debug|Any CPU
		{5D195752-3DE0-4A75-95DE-B055D2A75843}.Debug|x64.ActiveCfg = Debug|Any CPU
		{5D195752-3DE0-4A75-95DE-B055D2A75843}.Debug|x64.Build.0 = Debug|Any CPU
		{5D195752-3DE0-4A75-95DE-B055D2A75843}.Debug|x86.ActiveCfg = Debug|Any CPU
		{5D195752-3DE0-4A75-95DE-B055D2A75843}.Debug|x86.Build.0 = Debug|Any CPU
		{5D195752-3DE0-4A75-95DE-B055D2A75843}.Release|Any CPU.ActiveCfg = Release|Any CPU
		{5D195752-3DE0-4A75-95DE-B055D2A75843}.Release|Any CPU.Build.0 = Release|Any CPU
		{5D195752-3DE0-4A75-95DE-B055D2A75843}.Release|x64.ActiveCfg = Release|Any CPU
		{5D195752-3DE0-4A75-95DE-B055D2A75843}.Release|x64.Build.0 = Release|Any CPU
		{5D195752-3DE0-4A75-95DE-B055D2A75843}.Release|x86.ActiveCfg = Release|Any CPU
		{5D195752-3DE0-4A75-95DE-B055D2A75843}.Release|x86.Build.0 = Release|Any CPU
	EndGlobalSection
EndGlobal
